<?xml version="1.0" encoding="utf-8"?>
<Project ToolsVersion="4.0" xmlns="http://schemas.microsoft.com/developer/msbuild/2003">
  <ItemGroup>
    <ClCompile Include="Text.cpp">
      <Filter>Source</Filter>
    </ClCompile>
    <ClCompile Include="stdafx.cpp">
      <Filter>Source</Filter>
    </ClCompile>
    <ClCompile Include="Shape.cpp">
      <Filter>Source</Filter>
    </ClCompile>
    <ClCompile Include="Polyline.cpp">
      <Filter>Source</Filter>
    </ClCompile>
    <ClCompile Include="Polygon.cpp">
      <Filter>Source</Filter>
    </ClCompile>
    <ClCompile Include="Path.cpp">
      <Filter>Source</Filter>
    </ClCompile>
    <ClCompile Include="main.cpp">
      <Filter>Source</Filter>
    </ClCompile>
    <ClCompile Include="Group.cpp">
      <Filter>Source</Filter>
    </ClCompile>
    <ClCompile Include="Elipse.cpp">
      <Filter>Source</Filter>
    </ClCompile>
  </ItemGroup>
  <ItemGroup>
    <ClInclude Include="resource.h">
      <Filter>Header</Filter>
    </ClInclude>
    <ClInclude Include="Shape.h">
      <Filter>Header</Filter>
    </ClInclude>
    <ClInclude Include="stdafx.h">
      <Filter>Header</Filter>
    </ClInclude>
    <ClInclude Include="SVGProject.h">
      <Filter>Header</Filter>
    </ClInclude>
    <ClInclude Include="rapidxml.hpp">
      <Filter>Header</Filter>
    </ClInclude>
    <ClInclude Include="targetver.h">
      <Filter>Header</Filter>
    </ClInclude>
  </ItemGroup>
  <ItemGroup>
    <Image Include="small.ico">
      <Filter>Resoure</Filter>
    </Image>
    <Image Include="SVGProject.ico">
      <Filter>Resoure</Filter>
    </Image>
  </ItemGroup>
  <ItemGroup>
    <Filter Include="Header">
      <UniqueIdentifier>{03015a3e-92f5-4a8e-b20c-d20f2d748aec}</UniqueIdentifier>
    </Filter>
    <Filter Include="Resoure">
      <UniqueIdentifier>{ae7913cb-5aae-41c6-a6b5-9ca6bcfc8d0f}</UniqueIdentifier>
    </Filter>
    <Filter Include="Source">
      <UniqueIdentifier>{2cf8923c-89c9-491e-acd4-d8e054ff3088}</UniqueIdentifier>
    </Filter>
  </ItemGroup>
  <ItemGroup>
    <ResourceCompile Include="SVGProject.rc">
      <Filter>Resoure</Filter>
    </ResourceCompile>
  </ItemGroup>
</Project>